
Microsoft Visual Studio Solution File, Format Version 12.00
Project("{FAE04EC0-301F-11D3-BF4B-00C04F79EFBC}") = "TaskA", "TaskA\TaskA.csproj", "{13782A81-E800-4BD8-93BE-14679D87CE0A}"
EndProject
Project("{FAE04EC0-301F-11D3-BF4B-00C04F79EFBC}") = "TaskB", "TaskB\TaskB.csproj", "{7D7BAA00-4152-45C2-BE2B-C641186708B3}"
EndProject
Project("{FAE04EC0-301F-11D3-BF4B-00C04F79EFBC}") = "TaskC", "TaskC\TaskC.csproj", "{3665A53D-9ED0-41EA-B454-8DADB2FFADF7}"
EndProject
Project("{FAE04EC0-301F-11D3-BF4B-00C04F79EFBC}") = "TaskD", "TaskD\TaskD.csproj", "{1F929EB7-14BF-42BC-A552-F6C2C35930A5}"
EndProject
Project("{FAE04EC0-301F-11D3-BF4B-00C04F79EFBC}") = "TaskE", "TaskE\TaskE.csproj", "{8070786E-715D-4105-91D7-263F07B2EF6F}"
EndProject
Project("{FAE04EC0-301F-11D3-BF4B-00C04F79EFBC}") = "TaskF", "TaskF\TaskF.csproj", "{0CF78067-F1CE-470D-B35C-CC222A8754C7}"
EndProject
Project("{FAE04EC0-301F-11D3-BF4B-00C04F79EFBC}") = "TaskG", "TaskG\TaskG.csproj", "{38E7FAA1-1C06-47DE-B631-7360DE55E1CE}"
EndProject
Project("{FAE04EC0-301F-11D3-BF4B-00C04F79EFBC}") = "TaskH", "TaskH\TaskH.csproj", "{41ED67E7-4E52-4DB0-A271-388B17AFBFE9}"
EndProject
Global
	GlobalSection(SolutionConfigurationPlatforms) = preSolution
		Debug|Any CPU = Debug|Any CPU
		Release|Any CPU = Release|Any CPU
	EndGlobalSection
	GlobalSection(ProjectConfigurationPlatforms) = postSolution
		{13782A81-E800-4BD8-93BE-14679D87CE0A}.Debug|Any CPU.ActiveCfg = Debug|Any CPU
		{13782A81-E800-4BD8-93BE-14679D87CE0A}.Debug|Any CPU.Build.0 = Debug|Any CPU
		{13782A81-E800-4BD8-93BE-14679D87CE0A}.Release|Any CPU.ActiveCfg = Release|Any CPU
		{13782A81-E800-4BD8-93BE-14679D87CE0A}.Release|Any CPU.Build.0 = Release|Any CPU
		{7D7BAA00-4152-45C2-BE2B-C641186708B3}.Debug|Any CPU.ActiveCfg = Debug|Any CPU
		{7D7BAA00-4152-45C2-BE2B-C641186708B3}.Debug|Any CPU.Build.0 = Debug|Any CPU
		{7D7BAA00-4152-45C2-BE2B-C641186708B3}.Release|Any CPU.ActiveCfg = Release|Any CPU
		{7D7BAA00-4152-45C2-BE2B-C641186708B3}.Release|Any CPU.Build.0 = Release|Any CPU
		{3665A53D-9ED0-41EA-B454-8DADB2FFADF7}.Debug|Any CPU.ActiveCfg = Debug|Any CPU
		{3665A53D-9ED0-41EA-B454-8DADB2FFADF7}.Debug|Any CPU.Build.0 = Debug|Any CPU
		{3665A53D-9ED0-41EA-B454-8DADB2FFADF7}.Release|Any CPU.ActiveCfg = Release|Any CPU
		{3665A53D-9ED0-41EA-B454-8DADB2FFADF7}.Release|Any CPU.Build.0 = Release|Any CPU
		{1F929EB7-14BF-42BC-A552-F6C2C35930A5}.Debug|Any CPU.ActiveCfg = Debug|Any CPU
		{1F929EB7-14BF-42BC-A552-F6C2C35930A5}.Debug|Any CPU.Build.0 = Debug|Any CPU
		{1F929EB7-14BF-42BC-A552-F6C2C35930A5}.Release|Any CPU.ActiveCfg = Release|Any CPU
		{1F929EB7-14BF-42BC-A552-F6C2C35930A5}.Release|Any CPU.Build.0 = Release|Any CPU
		{8070786E-715D-4105-91D7-263F07B2EF6F}.Debug|Any CPU.ActiveCfg = Debug|Any CPU
		{8070786E-715D-4105-91D7-263F07B2EF6F}.Debug|Any CPU.Build.0 = Debug|Any CPU
		{8070786E-715D-4105-91D7-263F07B2EF6F}.Release|Any CPU.ActiveCfg = Release|Any CPU
		{8070786E-715D-4105-91D7-263F07B2EF6F}.Release|Any CPU.Build.0 = Release|Any CPU
		{0CF78067-F1CE-470D-B35C-CC222A8754C7}.Debug|Any CPU.ActiveCfg = Debug|Any CPU
		{0CF78067-F1CE-470D-B35C-CC222A8754C7}.Debug|Any CPU.Build.0 = Debug|Any CPU
		{0CF78067-F1CE-470D-B35C-CC222A8754C7}.Release|Any CPU.ActiveCfg = Release|Any CPU
		{0CF78067-F1CE-470D-B35C-CC222A8754C7}.Release|Any CPU.Build.0 = Release|Any CPU
		{38E7FAA1-1C06-47DE-B631-7360DE55E1CE}.Debug|Any CPU.ActiveCfg = Debug|Any CPU
		{38E7FAA1-1C06-47DE-B631-7360DE55E1CE}.Debug|Any CPU.Build.0 = Debug|Any CPU
		{38E7FAA1-1C06-47DE-B631-7360DE55E1CE}.Release|Any CPU.ActiveCfg = Release|Any CPU
		{38E7FAA1-1C06-47DE-B631-7360DE55E1CE}.Release|Any CPU.Build.0 = Release|Any CPU
		{41ED67E7-4E52-4DB0-A271-388B17AFBFE9}.Debug|Any CPU.ActiveCfg = Debug|Any CPU
		{41ED67E7-4E52-4DB0-A271-388B17AFBFE9}.Debug|Any CPU.Build.0 = Debug|Any CPU
		{41ED67E7-4E52-4DB0-A271-388B17AFBFE9}.Release|Any CPU.ActiveCfg = Release|Any CPU
		{41ED67E7-4E52-4DB0-A271-388B17AFBFE9}.Release|Any CPU.Build.0 = Release|Any CPU
	EndGlobalSection
EndGlobal
