
Microsoft Visual Studio Solution File, Format Version 12.00
Project("{FAE04EC0-301F-11D3-BF4B-00C04F79EFBC}") = "TaskA", "TaskA\TaskA.csproj", "{43960C04-637C-453F-A4DB-089AC545E203}"
EndProject
Project("{FAE04EC0-301F-11D3-BF4B-00C04F79EFBC}") = "TaskB", "TaskB\TaskB.csproj", "{C5B0C49B-EF4D-4E0B-86F1-A57371F38B2A}"
EndProject
Project("{FAE04EC0-301F-11D3-BF4B-00C04F79EFBC}") = "TaskC", "TaskC\TaskC.csproj", "{73B2EB35-D803-4CFE-B385-8B126070F11F}"
EndProject
Project("{FAE04EC0-301F-11D3-BF4B-00C04F79EFBC}") = "TaskD", "TaskD\TaskD.csproj", "{C250C8D6-6051-4472-A338-D8094FA81B6D}"
EndProject
Project("{FAE04EC0-301F-11D3-BF4B-00C04F79EFBC}") = "TaskE", "TaskE\TaskE.csproj", "{1CDAC393-320C-4000-9408-404167A99C6F}"
EndProject
Project("{FAE04EC0-301F-11D3-BF4B-00C04F79EFBC}") = "TaskF", "TaskF\TaskF.csproj", "{0E8C9F82-C9EF-4BBF-83F3-FF1FB33ED4B2}"
EndProject
Project("{FAE04EC0-301F-11D3-BF4B-00C04F79EFBC}") = "TaskG", "TaskG\TaskG.csproj", "{0378FA80-81A7-4089-A3DE-6C6572088389}"
EndProject
Project("{FAE04EC0-301F-11D3-BF4B-00C04F79EFBC}") = "TaskH", "TaskH\TaskH.csproj", "{52BFA381-1586-4AF8-9614-A17542AEC5F4}"
EndProject
Global
	GlobalSection(SolutionConfigurationPlatforms) = preSolution
		Debug|Any CPU = Debug|Any CPU
		Release|Any CPU = Release|Any CPU
	EndGlobalSection
	GlobalSection(ProjectConfigurationPlatforms) = postSolution
		{43960C04-637C-453F-A4DB-089AC545E203}.Debug|Any CPU.ActiveCfg = Debug|Any CPU
		{43960C04-637C-453F-A4DB-089AC545E203}.Debug|Any CPU.Build.0 = Debug|Any CPU
		{43960C04-637C-453F-A4DB-089AC545E203}.Release|Any CPU.ActiveCfg = Release|Any CPU
		{43960C04-637C-453F-A4DB-089AC545E203}.Release|Any CPU.Build.0 = Release|Any CPU
		{C5B0C49B-EF4D-4E0B-86F1-A57371F38B2A}.Debug|Any CPU.ActiveCfg = Debug|Any CPU
		{C5B0C49B-EF4D-4E0B-86F1-A57371F38B2A}.Debug|Any CPU.Build.0 = Debug|Any CPU
		{C5B0C49B-EF4D-4E0B-86F1-A57371F38B2A}.Release|Any CPU.ActiveCfg = Release|Any CPU
		{C5B0C49B-EF4D-4E0B-86F1-A57371F38B2A}.Release|Any CPU.Build.0 = Release|Any CPU
		{73B2EB35-D803-4CFE-B385-8B126070F11F}.Debug|Any CPU.ActiveCfg = Debug|Any CPU
		{73B2EB35-D803-4CFE-B385-8B126070F11F}.Debug|Any CPU.Build.0 = Debug|Any CPU
		{73B2EB35-D803-4CFE-B385-8B126070F11F}.Release|Any CPU.ActiveCfg = Release|Any CPU
		{73B2EB35-D803-4CFE-B385-8B126070F11F}.Release|Any CPU.Build.0 = Release|Any CPU
		{C250C8D6-6051-4472-A338-D8094FA81B6D}.Debug|Any CPU.ActiveCfg = Debug|Any CPU
		{C250C8D6-6051-4472-A338-D8094FA81B6D}.Debug|Any CPU.Build.0 = Debug|Any CPU
		{C250C8D6-6051-4472-A338-D8094FA81B6D}.Release|Any CPU.ActiveCfg = Release|Any CPU
		{C250C8D6-6051-4472-A338-D8094FA81B6D}.Release|Any CPU.Build.0 = Release|Any CPU
		{1CDAC393-320C-4000-9408-404167A99C6F}.Debug|Any CPU.ActiveCfg = Debug|Any CPU
		{1CDAC393-320C-4000-9408-404167A99C6F}.Debug|Any CPU.Build.0 = Debug|Any CPU
		{1CDAC393-320C-4000-9408-404167A99C6F}.Release|Any CPU.ActiveCfg = Release|Any CPU
		{1CDAC393-320C-4000-9408-404167A99C6F}.Release|Any CPU.Build.0 = Release|Any CPU
		{0E8C9F82-C9EF-4BBF-83F3-FF1FB33ED4B2}.Debug|Any CPU.ActiveCfg = Debug|Any CPU
		{0E8C9F82-C9EF-4BBF-83F3-FF1FB33ED4B2}.Debug|Any CPU.Build.0 = Debug|Any CPU
		{0E8C9F82-C9EF-4BBF-83F3-FF1FB33ED4B2}.Release|Any CPU.ActiveCfg = Release|Any CPU
		{0E8C9F82-C9EF-4BBF-83F3-FF1FB33ED4B2}.Release|Any CPU.Build.0 = Release|Any CPU
		{0378FA80-81A7-4089-A3DE-6C6572088389}.Debug|Any CPU.ActiveCfg = Debug|Any CPU
		{0378FA80-81A7-4089-A3DE-6C6572088389}.Debug|Any CPU.Build.0 = Debug|Any CPU
		{0378FA80-81A7-4089-A3DE-6C6572088389}.Release|Any CPU.ActiveCfg = Release|Any CPU
		{0378FA80-81A7-4089-A3DE-6C6572088389}.Release|Any CPU.Build.0 = Release|Any CPU
		{52BFA381-1586-4AF8-9614-A17542AEC5F4}.Debug|Any CPU.ActiveCfg = Debug|Any CPU
		{52BFA381-1586-4AF8-9614-A17542AEC5F4}.Debug|Any CPU.Build.0 = Debug|Any CPU
		{52BFA381-1586-4AF8-9614-A17542AEC5F4}.Release|Any CPU.ActiveCfg = Release|Any CPU
		{52BFA381-1586-4AF8-9614-A17542AEC5F4}.Release|Any CPU.Build.0 = Release|Any CPU
	EndGlobalSection
EndGlobal
